
Microsoft Visual Studio Solution File, Format Version 12.00
# Visual Studio Version 17
VisualStudioVersion = 17.11.35303.130
MinimumVisualStudioVersion = 10.0.40219.1
Project("{FAE04EC0-301F-11D3-BF4B-00C04F79EFBC}") = "SocketTest", "SocketTest\SocketTest.csproj", "{BADB1315-FFA3-44FA-A768-0C88A5575E43}"
EndProject
Project("{FAE04EC0-301F-11D3-BF4B-00C04F79EFBC}") = "SomeJunk", "SomeJunk\SomeJunk.csproj", "{A04A82AF-D201-4127-9154-9B88A453C10C}"
EndProject
Project("{FAE04EC0-301F-11D3-BF4B-00C04F79EFBC}") = "ClientSide", "ClientSide\ClientSide.csproj", "{15938435-2A2A-467A-A4F5-5461C82BA9DD}"
EndProject
Project("{FAE04EC0-301F-11D3-BF4B-00C04F79EFBC}") = "SocketServerForms", "SocketServerForms\SocketServerForms.csproj", "{CE77CBF8-54A7-40C1-9966-4181E54212B0}"
EndProject
Project("{FAE04EC0-301F-11D3-BF4B-00C04F79EFBC}") = "SocketClientForms", "SocketClientForms\SocketClientForms.csproj", "{3916F145-02CD-43E5-B32E-1DEB4965A9F3}"
EndProject
Global
	GlobalSection(SolutionConfigurationPlatforms) = preSolution
		Debug|Any CPU = Debug|Any CPU
		Release|Any CPU = Release|Any CPU
	EndGlobalSection
	GlobalSection(ProjectConfigurationPlatforms) = postSolution
		{BADB1315-FFA3-44FA-A768-0C88A5575E43}.Debug|Any CPU.ActiveCfg = Debug|Any CPU
		{BADB1315-FFA3-44FA-A768-0C88A5575E43}.Debug|Any CPU.Build.0 = Debug|Any CPU
		{BADB1315-FFA3-44FA-A768-0C88A5575E43}.Release|Any CPU.ActiveCfg = Release|Any CPU
		{BADB1315-FFA3-44FA-A768-0C88A5575E43}.Release|Any CPU.Build.0 = Release|Any CPU
		{A04A82AF-D201-4127-9154-9B88A453C10C}.Debug|Any CPU.ActiveCfg = Debug|Any CPU
		{A04A82AF-D201-4127-9154-9B88A453C10C}.Debug|Any CPU.Build.0 = Debug|Any CPU
		{A04A82AF-D201-4127-9154-9B88A453C10C}.Release|Any CPU.ActiveCfg = Release|Any CPU
		{A04A82AF-D201-4127-9154-9B88A453C10C}.Release|Any CPU.Build.0 = Release|Any CPU
		{15938435-2A2A-467A-A4F5-5461C82BA9DD}.Debug|Any CPU.ActiveCfg = Debug|Any CPU
		{15938435-2A2A-467A-A4F5-5461C82BA9DD}.Debug|Any CPU.Build.0 = Debug|Any CPU
		{15938435-2A2A-467A-A4F5-5461C82BA9DD}.Release|Any CPU.ActiveCfg = Release|Any CPU
		{15938435-2A2A-467A-A4F5-5461C82BA9DD}.Release|Any CPU.Build.0 = Release|Any CPU
		{CE77CBF8-54A7-40C1-9966-4181E54212B0}.Debug|Any CPU.ActiveCfg = Debug|Any CPU
		{CE77CBF8-54A7-40C1-9966-4181E54212B0}.Debug|Any CPU.Build.0 = Debug|Any CPU
		{CE77CBF8-54A7-40C1-9966-4181E54212B0}.Release|Any CPU.ActiveCfg = Release|Any CPU
		{CE77CBF8-54A7-40C1-9966-4181E54212B0}.Release|Any CPU.Build.0 = Release|Any CPU
		{3916F145-02CD-43E5-B32E-1DEB4965A9F3}.Debug|Any CPU.ActiveCfg = Debug|Any CPU
		{3916F145-02CD-43E5-B32E-1DEB4965A9F3}.Debug|Any CPU.Build.0 = Debug|Any CPU
		{3916F145-02CD-43E5-B32E-1DEB4965A9F3}.Release|Any CPU.ActiveCfg = Release|Any CPU
		{3916F145-02CD-43E5-B32E-1DEB4965A9F3}.Release|Any CPU.Build.0 = Release|Any CPU
	EndGlobalSection
	GlobalSection(SolutionProperties) = preSolution
		HideSolutionNode = FALSE
	EndGlobalSection
	GlobalSection(ExtensibilityGlobals) = postSolution
		SolutionGuid = {4B57B8C5-D6B1-466D-BBF0-88D6DAE71F47}
	EndGlobalSection
EndGlobal
